# THIS IS AN AUTOGENERATED FILE. DO NOT EDIT THIS FILE DIRECTLY.
# yarn lockfile v1


"@babel/code-frame@^7.22.13":
  version "7.23.5"
  resolved "https://registry.yarnpkg.com/@babel/code-frame/-/code-frame-7.23.5.tgz#9009b69a8c602293476ad598ff53e4562e15c244"
  integrity sha512-CgH3s1a96LipHCmSUmYFPwY7MNx8C3avkq7i4Wl3cfa662ldtUe4VM1TPXX70pfmrlWTb6jLqTYrZyT2ZTJBgA==
  dependencies:
    "@babel/highlight" "^7.23.4"
    chalk "^2.4.2"

"@babel/helper-validator-identifier@^7.22.20":
  version "7.22.20"
  resolved "https://registry.yarnpkg.com/@babel/helper-validator-identifier/-/helper-validator-identifier-7.22.20.tgz#c4ae002c61d2879e724581d96665583dbc1dc0e0"
  integrity sha512-Y4OZ+ytlatR8AI+8KZfKuL5urKp7qey08ha31L8b3BwewJAoJamTzyvxPR/5D+KkdJCGPq/+8TukHBlY10FX9A==

"@babel/highlight@^7.23.4":
  version "7.23.4"
  resolved "https://registry.yarnpkg.com/@babel/highlight/-/highlight-7.23.4.tgz#edaadf4d8232e1a961432db785091207ead0621b"
  integrity sha512-acGdbYSfp2WheJoJm/EBBBLh/ID8KDc64ISZ9DYtBmC8/Q204PZJLHyzeB5qMzJ5trcOkybd78M4x2KWsUq++A==
  dependencies:
    "@babel/helper-validator-identifier" "^7.22.20"
    chalk "^2.4.2"
    js-tokens "^4.0.0"

"@fastify/deepmerge@^1.3.0":
  version "1.3.0"
  resolved "https://registry.yarnpkg.com/@fastify/deepmerge/-/deepmerge-1.3.0.tgz#8116858108f0c7d9fd460d05a7d637a13fe3239a"
  integrity sha512-J8TOSBq3SoZbDhM9+R/u77hP93gz/rajSA+K2kGyijPpORPWUXHUpTaleoj+92As0S9uPRP7Oi8IqMf0u+ro6A==

"@jridgewell/sourcemap-codec@^1.4.15":
  version "1.4.15"
  resolved "https://registry.yarnpkg.com/@jridgewell/sourcemap-codec/-/sourcemap-codec-1.4.15.tgz#d7c6e6755c78567a951e04ab52ef0fd26de59f32"
  integrity sha512-eF2rxCRulEKXHTRiDrDy6erMYWqNw4LPdQ8UQA4huuxaQsVeRPFl2oM8oDGxMFhJUWZf9McpLtJasDDZb/Bpeg==

"@rollup/plugin-commonjs@^25.0.7":
  version "25.0.7"
  resolved "https://registry.yarnpkg.com/@rollup/plugin-commonjs/-/plugin-commonjs-25.0.7.tgz#145cec7589ad952171aeb6a585bbeabd0fd3b4cf"
  integrity sha512-nEvcR+LRjEjsaSsc4x3XZfCCvZIaSMenZu/OiwOKGN2UhQpAYI7ru7czFvyWbErlpoGjnSX3D5Ch5FcMA3kRWQ==
  dependencies:
    "@rollup/pluginutils" "^5.0.1"
    commondir "^1.0.1"
    estree-walker "^2.0.2"
    glob "^8.0.3"
    is-reference "1.2.1"
    magic-string "^0.30.3"

"@rollup/plugin-esm-shim@^0.1.5":
  version "0.1.5"
  resolved "https://registry.yarnpkg.com/@rollup/plugin-esm-shim/-/plugin-esm-shim-0.1.5.tgz#74464e9a8a7e664557aae65592c8a3e317802220"
  integrity sha512-xnIjDm/0EbqAw0/rR1UE7eAo9db0ftGPqT8RUCFtkFxtCuspbbmj+wutoyxm32jBytyO3SgkxSG17OR893fV7A==
  dependencies:
    magic-string "^0.30.3"

"@rollup/plugin-json@^6.1.0":
  version "6.1.0"
  resolved "https://registry.yarnpkg.com/@rollup/plugin-json/-/plugin-json-6.1.0.tgz#fbe784e29682e9bb6dee28ea75a1a83702e7b805"
  integrity sha512-EGI2te5ENk1coGeADSIwZ7G2Q8CJS2sF120T7jLw4xFw9n7wIOXHo+kIYRAoVpJAN+kmqZSoO3Fp4JtoNF4ReA==
  dependencies:
    "@rollup/pluginutils" "^5.1.0"

"@rollup/plugin-node-resolve@^15.2.3":
  version "15.2.3"
  resolved "https://registry.yarnpkg.com/@rollup/plugin-node-resolve/-/plugin-node-resolve-15.2.3.tgz#e5e0b059bd85ca57489492f295ce88c2d4b0daf9"
  integrity sha512-j/lym8nf5E21LwBT4Df1VD6hRO2L2iwUeUmP7litikRsVp1H6NWx20NEp0Y7su+7XGc476GnXXc4kFeZNGmaSQ==
  dependencies:
    "@rollup/pluginutils" "^5.0.1"
    "@types/resolve" "1.20.2"
    deepmerge "^4.2.2"
    is-builtin-module "^3.2.1"
    is-module "^1.0.0"
    resolve "^1.22.1"

"@rollup/plugin-replace@^5.0.5":
  version "5.0.5"
  resolved "https://registry.yarnpkg.com/@rollup/plugin-replace/-/plugin-replace-5.0.5.tgz#33d5653dce6d03cb24ef98bef7f6d25b57faefdf"
  integrity sha512-rYO4fOi8lMaTg/z5Jb+hKnrHHVn8j2lwkqwyS4kTRhKyWOLf2wST2sWXr4WzWiTcoHTp2sTjqUbqIj2E39slKQ==
  dependencies:
    "@rollup/pluginutils" "^5.0.1"
    magic-string "^0.30.3"

"@rollup/plugin-wasm@^6.2.2":
  version "6.2.2"
  resolved "https://registry.yarnpkg.com/@rollup/plugin-wasm/-/plugin-wasm-6.2.2.tgz#ea75fd8cc5ddba1e30bdc22e07cdbaf8d6d160bf"
  integrity sha512-gpC4R1G9Ni92ZIRTexqbhX7U+9estZrbhP+9SRb0DW9xpB9g7j34r+J2hqrcW/lRI7dJaU84MxZM0Rt82tqYPQ==
  dependencies:
    "@rollup/pluginutils" "^5.0.2"

"@rollup/pluginutils@^5.0.1", "@rollup/pluginutils@^5.0.2", "@rollup/pluginutils@^5.1.0":
  version "5.1.0"
  resolved "https://registry.yarnpkg.com/@rollup/pluginutils/-/pluginutils-5.1.0.tgz#7e53eddc8c7f483a4ad0b94afb1f7f5fd3c771e0"
  integrity sha512-XTIWOPPcpvyKI6L1NHo0lFlCyznUEyPmPY1mc3KpPVDYulHSTvyeLNVW00QTLIAFNhR3kYnJTQHeGqU4M3n09g==
  dependencies:
    "@types/estree" "^1.0.0"
    estree-walker "^2.0.2"
    picomatch "^2.3.1"

"@rollup/rollup-android-arm-eabi@4.9.1":
  version "4.9.1"
  resolved "https://registry.yarnpkg.com/@rollup/rollup-android-arm-eabi/-/rollup-android-arm-eabi-4.9.1.tgz#beaf518ee45a196448e294ad3f823d2d4576cf35"
  integrity sha512-6vMdBZqtq1dVQ4CWdhFwhKZL6E4L1dV6jUjuBvsavvNJSppzi6dLBbuV+3+IyUREaj9ZFvQefnQm28v4OCXlig==

"@rollup/rollup-android-arm64@4.9.1":
  version "4.9.1"
  resolved "https://registry.yarnpkg.com/@rollup/rollup-android-arm64/-/rollup-android-arm64-4.9.1.tgz#6f76cfa759c2d0fdb92122ffe28217181a1664eb"
  integrity sha512-Jto9Fl3YQ9OLsTDWtLFPtaIMSL2kwGyGoVCmPC8Gxvym9TCZm4Sie+cVeblPO66YZsYH8MhBKDMGZ2NDxuk/XQ==

"@rollup/rollup-darwin-arm64@4.9.1":
  version "4.9.1"
  resolved "https://registry.yarnpkg.com/@rollup/rollup-darwin-arm64/-/rollup-darwin-arm64-4.9.1.tgz#9aaefe33a5481d66322d1c62f368171c03eabe2b"
  integrity sha512-LtYcLNM+bhsaKAIGwVkh5IOWhaZhjTfNOkGzGqdHvhiCUVuJDalvDxEdSnhFzAn+g23wgsycmZk1vbnaibZwwA==

"@rollup/rollup-darwin-x64@4.9.1":
  version "4.9.1"
  resolved "https://registry.yarnpkg.com/@rollup/rollup-darwin-x64/-/rollup-darwin-x64-4.9.1.tgz#707dcaadcdc6bd3fd6c69f55d9456cd4446306a3"
  integrity sha512-KyP/byeXu9V+etKO6Lw3E4tW4QdcnzDG/ake031mg42lob5tN+5qfr+lkcT/SGZaH2PdW4Z1NX9GHEkZ8xV7og==

"@rollup/rollup-linux-arm-gnueabihf@4.9.1":
  version "4.9.1"
  resolved "https://registry.yarnpkg.com/@rollup/rollup-linux-arm-gnueabihf/-/rollup-linux-arm-gnueabihf-4.9.1.tgz#7a4dbbd1dd98731d88a55aefcef0ec4c578fa9c7"
  integrity sha512-Yqz/Doumf3QTKplwGNrCHe/B2p9xqDghBZSlAY0/hU6ikuDVQuOUIpDP/YcmoT+447tsZTmirmjgG3znvSCR0Q==

"@rollup/rollup-linux-arm64-gnu@4.9.1":
  version "4.9.1"
  resolved "https://registry.yarnpkg.com/@rollup/rollup-linux-arm64-gnu/-/rollup-linux-arm64-gnu-4.9.1.tgz#967ba8e6f68a5f21bd00cd97773dcdd6107e94ed"
  integrity sha512-u3XkZVvxcvlAOlQJ3UsD1rFvLWqu4Ef/Ggl40WAVCuogf4S1nJPHh5RTgqYFpCOvuGJ7H5yGHabjFKEZGExk5Q==

"@rollup/rollup-linux-arm64-musl@4.9.1":
  version "4.9.1"
  resolved "https://registry.yarnpkg.com/@rollup/rollup-linux-arm64-musl/-/rollup-linux-arm64-musl-4.9.1.tgz#d3a4e1c9f21eef3b9f4e4989f334a519a1341462"
  integrity sha512-0XSYN/rfWShW+i+qjZ0phc6vZ7UWI8XWNz4E/l+6edFt+FxoEghrJHjX1EY/kcUGCnZzYYRCl31SNdfOi450Aw==

"@rollup/rollup-linux-riscv64-gnu@4.9.1":
  version "4.9.1"
  resolved "https://registry.yarnpkg.com/@rollup/rollup-linux-riscv64-gnu/-/rollup-linux-riscv64-gnu-4.9.1.tgz#415c0533bb752164effd05f5613858e8f6779bc9"
  integrity sha512-LmYIO65oZVfFt9t6cpYkbC4d5lKHLYv5B4CSHRpnANq0VZUQXGcCPXHzbCXCz4RQnx7jvlYB1ISVNCE/omz5cw==

"@rollup/rollup-linux-x64-gnu@4.9.1":
  version "4.9.1"
  resolved "https://registry.yarnpkg.com/@rollup/rollup-linux-x64-gnu/-/rollup-linux-x64-gnu-4.9.1.tgz#0983385dd753a2e0ecaddea7a81dd37fea5114f5"
  integrity sha512-kr8rEPQ6ns/Lmr/hiw8sEVj9aa07gh1/tQF2Y5HrNCCEPiCBGnBUt9tVusrcBBiJfIt1yNaXN6r1CCmpbFEDpg==

"@rollup/rollup-linux-x64-musl@4.9.1":
  version "4.9.1"
  resolved "https://registry.yarnpkg.com/@rollup/rollup-linux-x64-musl/-/rollup-linux-x64-musl-4.9.1.tgz#eb7494ebc5199cbd2e5c38c2b8acbe2603f35e03"
  integrity sha512-t4QSR7gN+OEZLG0MiCgPqMWZGwmeHhsM4AkegJ0Kiy6TnJ9vZ8dEIwHw1LcZKhbHxTY32hp9eVCMdR3/I8MGRw==

"@rollup/rollup-win32-arm64-msvc@4.9.1":
  version "4.9.1"
  resolved "https://registry.yarnpkg.com/@rollup/rollup-win32-arm64-msvc/-/rollup-win32-arm64-msvc-4.9.1.tgz#5bebc66e3a7f82d4b9aa9ff448e7fc13a69656e9"
  integrity sha512-7XI4ZCBN34cb+BH557FJPmh0kmNz2c25SCQeT9OiFWEgf8+dL6ZwJ8f9RnUIit+j01u07Yvrsuu1rZGxJCc51g==

"@rollup/rollup-win32-ia32-msvc@4.9.1":
  version "4.9.1"
  resolved "https://registry.yarnpkg.com/@rollup/rollup-win32-ia32-msvc/-/rollup-win32-ia32-msvc-4.9.1.tgz#34156ebf8b4de3b20e6497260fe519a30263f8cf"
  integrity sha512-yE5c2j1lSWOH5jp+Q0qNL3Mdhr8WuqCNVjc6BxbVfS5cAS6zRmdiw7ktb8GNpDCEUJphILY6KACoFoRtKoqNQg==

"@rollup/rollup-win32-x64-msvc@4.9.1":
  version "4.9.1"
  resolved "https://registry.yarnpkg.com/@rollup/rollup-win32-x64-msvc/-/rollup-win32-x64-msvc-4.9.1.tgz#d146db7a5949e10837b323ce933ed882ac878262"
  integrity sha512-PyJsSsafjmIhVgaI1Zdj7m8BB8mMckFah/xbpplObyHfiXzKcI5UOUXRyOdHW7nz4DpMCuzLnF7v5IWHenCwYA==

"@swc/core-darwin-arm64@1.3.101":
  version "1.3.101"
  resolved "https://registry.yarnpkg.com/@swc/core-darwin-arm64/-/core-darwin-arm64-1.3.101.tgz#9ffdc0e77c31b20877fa7405c82905e0c76738d0"
  integrity sha512-mNFK+uHNPRXSnfTOG34zJOeMl2waM4hF4a2NY7dkMXrPqw9CoJn4MwTXJcyMiSz1/BnNjjTCHF3Yhj0jPxmkzQ==

"@swc/core-darwin-x64@1.3.101":
  version "1.3.101"
  resolved "https://registry.yarnpkg.com/@swc/core-darwin-x64/-/core-darwin-x64-1.3.101.tgz#e50130e21e3cfd3029fd6cea43e8309b58ad9fa6"
  integrity sha512-B085j8XOx73Fg15KsHvzYWG262bRweGr3JooO1aW5ec5pYbz5Ew9VS5JKYS03w2UBSxf2maWdbPz2UFAxg0whw==

"@swc/core-linux-arm-gnueabihf@1.3.101":
  version "1.3.101"
  resolved "https://registry.yarnpkg.com/@swc/core-linux-arm-gnueabihf/-/core-linux-arm-gnueabihf-1.3.101.tgz#8cd36328e794b3c42b6c8e578bb1f42e59ba0231"
  integrity sha512-9xLKRb6zSzRGPqdz52Hy5GuB1lSjmLqa0lST6MTFads3apmx4Vgs8Y5NuGhx/h2I8QM4jXdLbpqQlifpzTlSSw==

"@swc/core-linux-arm64-gnu@1.3.101":
  version "1.3.101"
  resolved "https://registry.yarnpkg.com/@swc/core-linux-arm64-gnu/-/core-linux-arm64-gnu-1.3.101.tgz#d15e3885eb13a1512ba62f00ce4f5bb19f710a0c"
  integrity sha512-oE+r1lo7g/vs96Weh2R5l971dt+ZLuhaUX+n3BfDdPxNHfObXgKMjO7E+QS5RbGjv/AwiPCxQmbdCp/xN5ICJA==

"@swc/core-linux-arm64-musl@1.3.101":
  version "1.3.101"
  resolved "https://registry.yarnpkg.com/@swc/core-linux-arm64-musl/-/core-linux-arm64-musl-1.3.101.tgz#851d4cc1079b091fee36f5f64335232210749d7a"
  integrity sha512-OGjYG3H4BMOTnJWJyBIovCez6KiHF30zMIu4+lGJTCrxRI2fAjGLml3PEXj8tC3FMcud7U2WUn6TdG0/te2k6g==

"@swc/core-linux-x64-gnu@1.3.101":
  version "1.3.101"
  resolved "https://registry.yarnpkg.com/@swc/core-linux-x64-gnu/-/core-linux-x64-gnu-1.3.101.tgz#3a2a7c584db2e05a798e28361440424914563fa3"
  integrity sha512-/kBMcoF12PRO/lwa8Z7w4YyiKDcXQEiLvM+S3G9EvkoKYGgkkz4Q6PSNhF5rwg/E3+Hq5/9D2R+6nrkF287ihg==

"@swc/core-linux-x64-musl@1.3.101":
  version "1.3.101"
  resolved "https://registry.yarnpkg.com/@swc/core-linux-x64-musl/-/core-linux-x64-musl-1.3.101.tgz#45d1d53945994f08e93703b8de24ccac88538d0c"
  integrity sha512-kDN8lm4Eew0u1p+h1l3JzoeGgZPQ05qDE0czngnjmfpsH2sOZxVj1hdiCwS5lArpy7ktaLu5JdRnx70MkUzhXw==

"@swc/core-win32-arm64-msvc@1.3.101":
  version "1.3.101"
  resolved "https://registry.yarnpkg.com/@swc/core-win32-arm64-msvc/-/core-win32-arm64-msvc-1.3.101.tgz#b2610b8354e5fbca7cc5be3f728e61b046227fa8"
  integrity sha512-9Wn8TTLWwJKw63K/S+jjrZb9yoJfJwCE2RV5vPCCWmlMf3U1AXj5XuWOLUX+Rp2sGKau7wZKsvywhheWm+qndQ==

"@swc/core-win32-ia32-msvc@1.3.101":
  version "1.3.101"
  resolved "https://registry.yarnpkg.com/@swc/core-win32-ia32-msvc/-/core-win32-ia32-msvc-1.3.101.tgz#c919175bb4cd5e9fcfa56fbd3708167c1d445c68"
  integrity sha512-onO5KvICRVlu2xmr4//V2je9O2XgS1SGKpbX206KmmjcJhXN5EYLSxW9qgg+kgV5mip+sKTHTAu7IkzkAtElYA==

"@swc/core-win32-x64-msvc@1.3.101":
  version "1.3.101"
  resolved "https://registry.yarnpkg.com/@swc/core-win32-x64-msvc/-/core-win32-x64-msvc-1.3.101.tgz#17743fe425caffc596fde5965c9c4cf9a48aa26a"
  integrity sha512-T3GeJtNQV00YmiVw/88/nxJ/H43CJvFnpvBHCVn17xbahiVUOPOduh3rc9LgAkKiNt/aV8vU3OJR+6PhfMR7UQ==

"@swc/core@^1.3.99":
  version "1.3.101"
  resolved "https://registry.yarnpkg.com/@swc/core/-/core-1.3.101.tgz#4e8f1583094a73c410e48a0bebdeccdc6c66d4a5"
  integrity sha512-w5aQ9qYsd/IYmXADAnkXPGDMTqkQalIi+kfFf/MHRKTpaOL7DHjMXwPp/n8hJ0qNjRvchzmPtOqtPBiER50d8A==
  dependencies:
    "@swc/counter" "^0.1.1"
    "@swc/types" "^0.1.5"
  optionalDependencies:
    "@swc/core-darwin-arm64" "1.3.101"
    "@swc/core-darwin-x64" "1.3.101"
    "@swc/core-linux-arm-gnueabihf" "1.3.101"
    "@swc/core-linux-arm64-gnu" "1.3.101"
    "@swc/core-linux-arm64-musl" "1.3.101"
    "@swc/core-linux-x64-gnu" "1.3.101"
    "@swc/core-linux-x64-musl" "1.3.101"
    "@swc/core-win32-arm64-msvc" "1.3.101"
    "@swc/core-win32-ia32-msvc" "1.3.101"
    "@swc/core-win32-x64-msvc" "1.3.101"

"@swc/counter@^0.1.1":
  version "0.1.2"
  resolved "https://registry.yarnpkg.com/@swc/counter/-/counter-0.1.2.tgz#bf06d0770e47c6f1102270b744e17b934586985e"
  integrity sha512-9F4ys4C74eSTEUNndnER3VJ15oru2NumfQxS8geE+f3eB5xvfxpWyqE5XlVnxb/R14uoXi6SLbBwwiDSkv+XEw==

"@swc/helpers@^0.5.3":
  version "0.5.3"
  resolved "https://registry.yarnpkg.com/@swc/helpers/-/helpers-0.5.3.tgz#98c6da1e196f5f08f977658b80d6bd941b5f294f"
  integrity sha512-FaruWX6KdudYloq1AHD/4nU+UsMTdNE8CKyrseXWEcgjDAbvkwJg2QGPAnfIJLIWsjZOSPLOAykK6fuYp4vp4A==
  dependencies:
    tslib "^2.4.0"

"@swc/types@^0.1.5":
  version "0.1.5"
  resolved "https://registry.yarnpkg.com/@swc/types/-/types-0.1.5.tgz#043b731d4f56a79b4897a3de1af35e75d56bc63a"
  integrity sha512-myfUej5naTBWnqOCc/MdVOLVjXUXtIA+NpDrDBKJtLLg2shUjBu3cZmB/85RyitKc55+lUUyl7oRfLOvkr2hsw==

"@types/estree@*", "@types/estree@^1.0.0":
  version "1.0.5"
  resolved "https://registry.yarnpkg.com/@types/estree/-/estree-1.0.5.tgz#a6ce3e556e00fd9895dd872dd172ad0d4bd687f4"
  integrity sha512-/kYRxGDLWzHOB7q+wtSUQlFrtcdUccpfy+X+9iMBpHK8QLLhx2wIPYuS5DYtR9Wa/YlZAbIovy7qVdB1Aq6Lyw==

"@types/resolve@1.20.2":
  version "1.20.2"
  resolved "https://registry.yarnpkg.com/@types/resolve/-/resolve-1.20.2.tgz#97d26e00cd4a0423b4af620abecf3e6f442b7975"
  integrity sha512-60BCwRFOZCQhDncwQdxxeOEEkbc5dIMccYLwbxsS4TUNeVECQ/pBJ0j09mrHOl/JJvpRPGwO9SvE4nR2Nb/a4Q==

ansi-styles@^3.2.1:
  version "3.2.1"
  resolved "https://registry.yarnpkg.com/ansi-styles/-/ansi-styles-3.2.1.tgz#41fbb20243e50b12be0f04b8dedbf07520ce841d"
  integrity sha512-VT0ZI6kZRdTh8YyJw3SMbYm/u+NqfsAxEpWO0Pf9sq8/e94WxxOpPKx9FR1FlyCtOVDNOQ+8ntlqFxiRc+r5qA==
  dependencies:
    color-convert "^1.9.0"

arg@^5.0.2:
  version "5.0.2"
  resolved "https://registry.yarnpkg.com/arg/-/arg-5.0.2.tgz#c81433cc427c92c4dcf4865142dbca6f15acd59c"
  integrity sha512-PYjyFOLKQ9y57JvQ6QLo8dAgNqswh8M1RMJYdQduT6xbWSgK36P/Z/v+p888pM69jMMfS8Xd8F6I1kQ/I9HUGg==

balanced-match@^1.0.0:
  version "1.0.2"
  resolved "https://registry.yarnpkg.com/balanced-match/-/balanced-match-1.0.2.tgz#e83e3a7e3f300b34cb9d87f615fa0cbf357690ee"
  integrity sha512-3oSeUO0TMV67hN1AmbXsK4yaqU7tjiHlbxRDZOpH0KW9+CeX4bRAaX0Anxt0tx2MrpRpWwQaPwIlISEJhYU5Pw==

brace-expansion@^2.0.1:
  version "2.0.1"
  resolved "https://registry.yarnpkg.com/brace-expansion/-/brace-expansion-2.0.1.tgz#1edc459e0f0c548486ecf9fc99f2221364b9a0ae"
  integrity sha512-XnAIvQ8eM+kC6aULx6wuQiwVsnzsi9d3WxzV3FpWTGA19F621kwdbsAcFKXgKUHZWsy+mY6iL1sHTxWEFCytDA==
  dependencies:
    balanced-match "^1.0.0"

builtin-modules@^3.3.0:
  version "3.3.0"
  resolved "https://registry.yarnpkg.com/builtin-modules/-/builtin-modules-3.3.0.tgz#cae62812b89801e9656336e46223e030386be7b6"
  integrity sha512-zhaCDicdLuWN5UbN5IMnFqNMhNfo919sH85y2/ea+5Yg9TsTkeZxpL+JLbp6cgYFS4sRLp3YV4S6yDuqVWHYOw==

bunchee@^4.2.11:
  version "4.2.11"
  resolved "https://registry.yarnpkg.com/bunchee/-/bunchee-4.2.11.tgz#eb63c51389bab8597e5de77ac5644733a53ee110"
  integrity sha512-hd4M7s3F8rXgN+sRBblDuSpb+3mXvOL9oY4Tmj84kn9D9euVQbnlkiX0BCvK2dQckohdgs9JA1JquqZavRrD9A==
  dependencies:
    "@rollup/plugin-commonjs" "^25.0.7"
    "@rollup/plugin-esm-shim" "^0.1.5"
    "@rollup/plugin-json" "^6.1.0"
    "@rollup/plugin-node-resolve" "^15.2.3"
    "@rollup/plugin-replace" "^5.0.5"
    "@rollup/plugin-wasm" "^6.2.2"
    "@rollup/pluginutils" "^5.1.0"
    "@swc/core" "^1.3.99"
    "@swc/helpers" "^0.5.3"
    arg "^5.0.2"
    pretty-bytes "^5.6.0"
    publint "~0.2.7"
    rollup "^4.9.1"
    rollup-plugin-dts "^6.1.0"
    rollup-plugin-swc3 "^0.11.0"
    rollup-preserve-directives "^1.1.1"
    tslib "^2.6.2"

chalk@^2.4.2:
  version "2.4.2"
  resolved "https://registry.yarnpkg.com/chalk/-/chalk-2.4.2.tgz#cd42541677a54333cf541a49108c1432b44c9424"
  integrity sha512-Mti+f9lpJNcwF4tWV8/OrTTtF1gZi+f8FqlyAdouralcFWFQWF2+NgCHShjkCb+IFBLq9buZwE1xckQU4peSuQ==
  dependencies:
    ansi-styles "^3.2.1"
    escape-string-regexp "^1.0.5"
    supports-color "^5.3.0"

color-convert@^1.9.0:
  version "1.9.3"
  resolved "https://registry.yarnpkg.com/color-convert/-/color-convert-1.9.3.tgz#bb71850690e1f136567de629d2d5471deda4c1e8"
  integrity sha512-QfAUtd+vFdAtFQcC8CCyYt1fYWxSqAiK2cSD6zDB8N3cpsEBAvRxp9zOGg6G/SHHJYAT88/az/IuDGALsNVbGg==
  dependencies:
    color-name "1.1.3"

color-name@1.1.3:
  version "1.1.3"
  resolved "https://registry.yarnpkg.com/color-name/-/color-name-1.1.3.tgz#a7d0558bd89c42f795dd42328f740831ca53bc25"
  integrity sha512-72fSenhMw2HZMTVHeCA9KCmpEIbzWiQsjN+BHcBbS9vr1mtt+vJjPdksIBNUmKAW8TFUDPJK5SUU3QhE9NEXDw==

commondir@^1.0.1:
  version "1.0.1"
  resolved "https://registry.yarnpkg.com/commondir/-/commondir-1.0.1.tgz#ddd800da0c66127393cca5950ea968a3aaf1253b"
  integrity sha512-W9pAhw0ja1Edb5GVdIF1mjZw/ASI0AlShXM83UUGe2DVr5TdAPEA1OA8m/g8zWp9x6On7gqufY+FatDbC3MDQg==

deepmerge@^4.2.2:
  version "4.3.1"
  resolved "https://registry.yarnpkg.com/deepmerge/-/deepmerge-4.3.1.tgz#44b5f2147cd3b00d4b56137685966f26fd25dd4a"
  integrity sha512-3sUqbMEc77XqpdNO7FRyRog+eW3ph+GYCbj+rK+uYyRMuwsVy0rMiVtPn+QJlKFvWP/1PYpapqYn0Me2knFn+A==

escape-string-regexp@^1.0.5:
  version "1.0.5"
  resolved "https://registry.yarnpkg.com/escape-string-regexp/-/escape-string-regexp-1.0.5.tgz#1b61c0562190a8dff6ae3bb2cf0200ca130b86d4"
  integrity sha512-vbRorB5FUQWvla16U8R/qgaFIya2qGzwDrNmCZuYKrbdSUMG6I1ZCGQRefkRVhuOkIGVne7BQ35DSfo1qvJqFg==

estree-walker@^2.0.2:
  version "2.0.2"
  resolved "https://registry.yarnpkg.com/estree-walker/-/estree-walker-2.0.2.tgz#52f010178c2a4c117a7757cfe942adb7d2da4cac"
  integrity sha512-Rfkk/Mp/DL7JVje3u18FxFujQlTNR2q6QfMSMB7AvCBx91NGj/ba3kCfza0f6dVDbw7YlRf/nDrn7pQrCCyQ/w==

fs.realpath@^1.0.0:
  version "1.0.0"
  resolved "https://registry.yarnpkg.com/fs.realpath/-/fs.realpath-1.0.0.tgz#1504ad2523158caa40db4a2787cb01411994ea4f"
  integrity sha512-OO0pH2lK6a0hZnAdau5ItzHPI6pUlvI7jMVnxUQRtw4owF2wk8lOSabtGDCTP4Ggrg2MbGnWO9X8K1t4+fGMDw==

fsevents@~2.3.2:
  version "2.3.3"
  resolved "https://registry.yarnpkg.com/fsevents/-/fsevents-2.3.3.tgz#cac6407785d03675a2a5e1a5305c697b347d90d6"
  integrity sha512-5xoDfX+fL7faATnagmWPpbFtwh/R77WmMMqqHGS65C3vvB0YHrgF+B1YmZ3441tMj5n63k0212XNoJwzlhffQw==

function-bind@^1.1.2:
  version "1.1.2"
  resolved "https://registry.yarnpkg.com/function-bind/-/function-bind-1.1.2.tgz#2c02d864d97f3ea6c8830c464cbd11ab6eab7a1c"
  integrity sha512-7XHNxH7qX9xG5mIwxkhumTox/MIRNcOgDrxWsMt2pAr23WHp6MrRlN7FBSFpCpr+oVO0F744iUgR82nJMfG2SA==

get-tsconfig@^4.7.2:
  version "4.7.2"
  resolved "https://registry.yarnpkg.com/get-tsconfig/-/get-tsconfig-4.7.2.tgz#0dcd6fb330391d46332f4c6c1bf89a6514c2ddce"
  integrity sha512-wuMsz4leaj5hbGgg4IvDU0bqJagpftG5l5cXIAvo8uZrqn0NJqwtfupTN00VnkQJPcIRrxYrm1Ue24btpCha2A==
  dependencies:
    resolve-pkg-maps "^1.0.0"

glob@^8.0.1, glob@^8.0.3:
  version "8.1.0"
  resolved "https://registry.yarnpkg.com/glob/-/glob-8.1.0.tgz#d388f656593ef708ee3e34640fdfb99a9fd1c33e"
  integrity sha512-r8hpEjiQEYlF2QU0df3dS+nxxSIreXQS1qRhMJM0Q5NDdR386C7jb7Hwwod8Fgiuex+k0GFjgft18yvxm5XoCQ==
  dependencies:
    fs.realpath "^1.0.0"
    inflight "^1.0.4"
    inherits "2"
    minimatch "^5.0.1"
    once "^1.3.0"

has-flag@^3.0.0:
  version "3.0.0"
  resolved "https://registry.yarnpkg.com/has-flag/-/has-flag-3.0.0.tgz#b5d454dc2199ae225699f3467e5a07f3b955bafd"
  integrity sha512-sKJf1+ceQBr4SMkvQnBDNDtf4TXpVhVGateu0t918bl30FnbE2m4vNLX+VWe/dpjlb+HugGYzW7uQXH98HPEYw==

hasown@^2.0.0:
  version "2.0.0"
  resolved "https://registry.yarnpkg.com/hasown/-/hasown-2.0.0.tgz#f4c513d454a57b7c7e1650778de226b11700546c"
  integrity sha512-vUptKVTpIJhcczKBbgnS+RtcuYMB8+oNzPK2/Hp3hanz8JmpATdmmgLgSaadVREkDm+e2giHwY3ZRkyjSIDDFA==
  dependencies:
    function-bind "^1.1.2"

ignore-walk@^5.0.1:
  version "5.0.1"
  resolved "https://registry.yarnpkg.com/ignore-walk/-/ignore-walk-5.0.1.tgz#5f199e23e1288f518d90358d461387788a154776"
  integrity sha512-yemi4pMf51WKT7khInJqAvsIGzoqYXblnsz0ql8tM+yi1EKYTY1evX4NAbJrLL/Aanr2HyZeluqU+Oi7MGHokw==
  dependencies:
    minimatch "^5.0.1"

inflight@^1.0.4:
  version "1.0.6"
  resolved "https://registry.yarnpkg.com/inflight/-/inflight-1.0.6.tgz#49bd6331d7d02d0c09bc910a1075ba8165b56df9"
  integrity sha512-k92I/b08q4wvFscXCLvqfsHCrjrF7yiXsQuIVvVE7N82W3+aqpzuUdBbfhWcy/FZR3/4IgflMgKLOsvPDrGCJA==
  dependencies:
    once "^1.3.0"
    wrappy "1"

inherits@2:
  version "2.0.4"
  resolved "https://registry.yarnpkg.com/inherits/-/inherits-2.0.4.tgz#0fa2c64f932917c3433a0ded55363aae37416b7c"
  integrity sha512-k/vGaX4/Yla3WzyMCvTQOXYeIHvqOKtnqBduzTHpzpQZzAskKMhZ2K+EnBiSM9zGSoIFeMpXKxa4dYeZIQqewQ==

is-builtin-module@^3.2.1:
  version "3.2.1"
  resolved "https://registry.yarnpkg.com/is-builtin-module/-/is-builtin-module-3.2.1.tgz#f03271717d8654cfcaf07ab0463faa3571581169"
  integrity sha512-BSLE3HnV2syZ0FK0iMA/yUGplUeMmNz4AW5fnTunbCIqZi4vG3WjJT9FHMy5D69xmAYBHXQhJdALdpwVxV501A==
  dependencies:
    builtin-modules "^3.3.0"

is-core-module@^2.13.0:
  version "2.13.1"
  resolved "https://registry.yarnpkg.com/is-core-module/-/is-core-module-2.13.1.tgz#ad0d7532c6fea9da1ebdc82742d74525c6273384"
  integrity sha512-hHrIjvZsftOsvKSn2TRYl63zvxsgE0K+0mYMoH6gD4omR5IWB2KynivBQczo3+wF1cCkjzvptnI9Q0sPU66ilw==
  dependencies:
    hasown "^2.0.0"

is-module@^1.0.0:
  version "1.0.0"
  resolved "https://registry.yarnpkg.com/is-module/-/is-module-1.0.0.tgz#3258fb69f78c14d5b815d664336b4cffb6441591"
  integrity sha512-51ypPSPCoTEIN9dy5Oy+h4pShgJmPCygKfyRCISBI+JoWT/2oJvK8QPxmwv7b/p239jXrm9M1mlQbyKJ5A152g==

is-reference@1.2.1:
  version "1.2.1"
  resolved "https://registry.yarnpkg.com/is-reference/-/is-reference-1.2.1.tgz#8b2dac0b371f4bc994fdeaba9eb542d03002d0b7"
  integrity sha512-U82MsXXiFIrjCK4otLT+o2NA2Cd2g5MLoOVXUZjIOhLurrRxpEXzI8O0KZHr3IjLvlAH1kTPYSuqer5T9ZVBKQ==
  dependencies:
    "@types/estree" "*"

"js-tokens@^3.0.0 || ^4.0.0", js-tokens@^4.0.0:
  version "4.0.0"
  resolved "https://registry.yarnpkg.com/js-tokens/-/js-tokens-4.0.0.tgz#19203fb59991df98e3a287050d4647cdeaf32499"
  integrity sha512-RdJUflcE3cUzKiMqQgsCu06FPu9UdIJO0beYbPhHN4k6apgJtifcoCtT9bcxOpYBtpD2kCM6Sbzg4CausW/PKQ==

loose-envify@^1.1.0:
  version "1.4.0"
  resolved "https://registry.yarnpkg.com/loose-envify/-/loose-envify-1.4.0.tgz#71ee51fa7be4caec1a63839f7e682d8132d30caf"
  integrity sha512-lyuxPGr/Wfhrlem2CL/UcnUc1zcqKAImBDzukY7Y5F/yQiNdko6+fRLevlw1HgMySw7f611UIY408EtxRSoK3Q==
  dependencies:
    js-tokens "^3.0.0 || ^4.0.0"

magic-string@^0.30.3, magic-string@^0.30.4, magic-string@^0.30.5:
  version "0.30.5"
  resolved "https://registry.yarnpkg.com/magic-string/-/magic-string-0.30.5.tgz#1994d980bd1c8835dc6e78db7cbd4ae4f24746f9"
  integrity sha512-7xlpfBaQaP/T6Vh8MO/EqXSW5En6INHEvEXQiuff7Gku0PWjU3uf6w/j9o7O+SpB5fOAkrI5HeoNgwjEO0pFsA==
  dependencies:
    "@jridgewell/sourcemap-codec" "^1.4.15"

minimatch@^5.0.1:
  version "5.1.6"
  resolved "https://registry.yarnpkg.com/minimatch/-/minimatch-5.1.6.tgz#1cfcb8cf5522ea69952cd2af95ae09477f122a96"
  integrity sha512-lKwV/1brpG6mBUFHtb7NUmtABCb2WZZmm2wNiOA5hAb8VdCS4B3dtMWyvcoViccwAW/COERjXLt0zP1zXUN26g==
  dependencies:
    brace-expansion "^2.0.1"

mri@^1.1.0:
  version "1.2.0"
  resolved "https://registry.yarnpkg.com/mri/-/mri-1.2.0.tgz#6721480fec2a11a4889861115a48b6cbe7cc8f0b"
  integrity sha512-tzzskb3bG8LvYGFF/mDTpq3jpI6Q9wc3LEmBaghu+DdCssd1FakN7Bc0hVNmEyGq1bq3RgfkCb3cmQLpNPOroA==

npm-bundled@^2.0.0:
  version "2.0.1"
  resolved "https://registry.yarnpkg.com/npm-bundled/-/npm-bundled-2.0.1.tgz#94113f7eb342cd7a67de1e789f896b04d2c600f4"
  integrity sha512-gZLxXdjEzE/+mOstGDqR6b0EkhJ+kM6fxM6vUuckuctuVPh80Q6pw/rSZj9s4Gex9GxWtIicO1pc8DB9KZWudw==
  dependencies:
    npm-normalize-package-bin "^2.0.0"

npm-normalize-package-bin@^2.0.0:
  version "2.0.0"
  resolved "https://registry.yarnpkg.com/npm-normalize-package-bin/-/npm-normalize-package-bin-2.0.0.tgz#9447a1adaaf89d8ad0abe24c6c84ad614a675fff"
  integrity sha512-awzfKUO7v0FscrSpRoogyNm0sajikhBWpU0QMrW09AMi9n1PoKU6WaIqUzuJSQnpciZZmJ/jMZ2Egfmb/9LiWQ==

npm-packlist@^5.1.3:
  version "5.1.3"
  resolved "https://registry.yarnpkg.com/npm-packlist/-/npm-packlist-5.1.3.tgz#69d253e6fd664b9058b85005905012e00e69274b"
  integrity sha512-263/0NGrn32YFYi4J533qzrQ/krmmrWwhKkzwTuM4f/07ug51odoaNjUexxO4vxlzURHcmYMH1QjvHjsNDKLVg==
  dependencies:
    glob "^8.0.1"
    ignore-walk "^5.0.1"
    npm-bundled "^2.0.0"
    npm-normalize-package-bin "^2.0.0"

once@^1.3.0:
  version "1.4.0"
  resolved "https://registry.yarnpkg.com/once/-/once-1.4.0.tgz#583b1aa775961d4b113ac17d9c50baef9dd76bd1"
  integrity sha512-lNaJgI+2Q5URQBkccEKHTQOPaXdUxnZZElQTZY0MFUAuaEqe1E+Nyvgdz/aIyNi6Z9MzO5dv1H8n58/GELp3+w==
  dependencies:
    wrappy "1"

path-parse@^1.0.7:
  version "1.0.7"
  resolved "https://registry.yarnpkg.com/path-parse/-/path-parse-1.0.7.tgz#fbc114b60ca42b30d9daf5858e4bd68bbedb6735"
  integrity sha512-LDJzPVEEEPR+y48z93A0Ed0yXb8pAByGWo/k5YYdYgpY2/2EsOsksJrq7lOHxryrVOn1ejG6oAp8ahvOIQD8sw==

picocolors@^1.0.0:
  version "1.0.0"
  resolved "https://registry.yarnpkg.com/picocolors/-/picocolors-1.0.0.tgz#cb5bdc74ff3f51892236eaf79d68bc44564ab81c"
  integrity sha512-1fygroTLlHu66zi26VoTDv8yRgm0Fccecssto+MhsZ0D/DGW2sm8E8AjW7NU5VVTRt5GxbeZ5qBuJr+HyLYkjQ==

picomatch@^2.3.1:
  version "2.3.1"
  resolved "https://registry.yarnpkg.com/picomatch/-/picomatch-2.3.1.tgz#3ba3833733646d9d3e4995946c1365a67fb07a42"
  integrity sha512-JU3teHTNjmE2VCGFzuY8EXzCDVwEqB2a8fsIvwaStHhAWJEeVd1o1QD80CU6+ZdEXXSLbSsuLwJjkCBWqRQUVA==

prettier@^3.1.1:
  version "3.1.1"
  resolved "https://registry.yarnpkg.com/prettier/-/prettier-3.1.1.tgz#6ba9f23165d690b6cbdaa88cb0807278f7019848"
  integrity sha512-22UbSzg8luF4UuZtzgiUOfcGM8s4tjBv6dJRT7j275NXsy2jb4aJa4NNveul5x4eqlF1wuhuR2RElK71RvmVaw==

pretty-bytes@^5.6.0:
  version "5.6.0"
  resolved "https://registry.yarnpkg.com/pretty-bytes/-/pretty-bytes-5.6.0.tgz#356256f643804773c82f64723fe78c92c62beaeb"
  integrity sha512-FFw039TmrBqFK8ma/7OL3sDz/VytdtJr044/QUJtH0wK9lb9jLq9tJyIxUwtQJHwar2BqtiA4iCWSwo9JLkzFg==

publint@~0.2.7:
  version "0.2.7"
  resolved "https://registry.yarnpkg.com/publint/-/publint-0.2.7.tgz#7b57ec5ff117c329f56dfe98d328e2bd860e12bf"
  integrity sha512-tLU4ee3110BxWfAmCZggJmCUnYWgPTr0QLnx08sqpLYa8JHRiOudd+CgzdpfU5x5eOaW2WMkpmOrFshRFYK7Mw==
  dependencies:
    npm-packlist "^5.1.3"
    picocolors "^1.0.0"
    sade "^1.8.1"

react-dom@^18.2.0:
  version "18.2.0"
  resolved "https://registry.yarnpkg.com/react-dom/-/react-dom-18.2.0.tgz#22aaf38708db2674ed9ada224ca4aa708d821e3d"
  integrity sha512-6IMTriUmvsjHUjNtEDudZfuDQUoWXVxKHhlEGSk81n4YFS+r/Kl99wXiwlVXtPBtJenozv2P+hxDsw9eA7Xo6g==
  dependencies:
    loose-envify "^1.1.0"
    scheduler "^0.23.0"

react@^18.2.0:
  version "18.2.0"
  resolved "https://registry.yarnpkg.com/react/-/react-18.2.0.tgz#555bd98592883255fa00de14f1151a917b5d77d5"
  integrity sha512-/3IjMdb2L9QbBdWiW5e3P2/npwMBaU9mHCSCUzNln0ZCYbcfTsGbTJrU/kGemdH2IWmB2ioZ+zkxtmq6g09fGQ==
  dependencies:
    loose-envify "^1.1.0"

resolve-pkg-maps@^1.0.0:
  version "1.0.0"
  resolved "https://registry.yarnpkg.com/resolve-pkg-maps/-/resolve-pkg-maps-1.0.0.tgz#616b3dc2c57056b5588c31cdf4b3d64db133720f"
  integrity sha512-seS2Tj26TBVOC2NIc2rOe2y2ZO7efxITtLZcGSOnHHNOQ7CkiUBfw0Iw2ck6xkIhPwLhKNLS8BO+hEpngQlqzw==

resolve@^1.22.1:
  version "1.22.8"
  resolved "https://registry.yarnpkg.com/resolve/-/resolve-1.22.8.tgz#b6c87a9f2aa06dfab52e3d70ac8cde321fa5a48d"
  integrity sha512-oKWePCxqpd6FlLvGV1VU0x7bkPmmCNolxzjMf4NczoDnQcIWrAF+cPtZn5i6n+RfD2d9i0tzpKnG6Yk168yIyw==
  dependencies:
    is-core-module "^2.13.0"
    path-parse "^1.0.7"
    supports-preserve-symlinks-flag "^1.0.0"

rollup-plugin-dts@^6.1.0:
  version "6.1.0"
  resolved "https://registry.yarnpkg.com/rollup-plugin-dts/-/rollup-plugin-dts-6.1.0.tgz#56e9c5548dac717213c6a4aa9df523faf04f75ae"
  integrity sha512-ijSCPICkRMDKDLBK9torss07+8dl9UpY9z1N/zTeA1cIqdzMlpkV3MOOC7zukyvQfDyxa1s3Dl2+DeiP/G6DOw==
  dependencies:
    magic-string "^0.30.4"
  optionalDependencies:
    "@babel/code-frame" "^7.22.13"

rollup-plugin-swc3@^0.11.0:
  version "0.11.0"
  resolved "https://registry.yarnpkg.com/rollup-plugin-swc3/-/rollup-plugin-swc3-0.11.0.tgz#3bd3d69e74b013fff841c50e117f9177cce00893"
  integrity sha512-luB9Ngb1YieWPpJttKvkmjN3lG5l28SmASLbf2CoScUB2+EImU0bE8wX4EYKEqv5clVulhWRQHQvE+H33X/03g==
  dependencies:
    "@fastify/deepmerge" "^1.3.0"
    "@rollup/pluginutils" "^5.1.0"
    get-tsconfig "^4.7.2"
    rollup-preserve-directives "^1.0.0"

rollup-preserve-directives@^1.0.0, rollup-preserve-directives@^1.1.1:
  version "1.1.1"
  resolved "https://registry.yarnpkg.com/rollup-preserve-directives/-/rollup-preserve-directives-1.1.1.tgz#40d58b412ff791278ef06e0fa0944cbca3d6bd6d"
  integrity sha512-+eQafbuEfDPfxQ9hQPlwaROfin4yiVRxap8hnrvvvcSGoukv1tTiYpAW9mvm3uR8J+fe4xd8FdVd5rz9q7jZ+Q==
  dependencies:
    magic-string "^0.30.5"

rollup@^4.9.1:
  version "4.9.1"
  resolved "https://registry.yarnpkg.com/rollup/-/rollup-4.9.1.tgz#351d6c03e4e6bcd7a0339df3618d2aeeb108b507"
  integrity sha512-pgPO9DWzLoW/vIhlSoDByCzcpX92bKEorbgXuZrqxByte3JFk2xSW2JEeAcyLc9Ru9pqcNNW+Ob7ntsk2oT/Xw==
  optionalDependencies:
    "@rollup/rollup-android-arm-eabi" "4.9.1"
    "@rollup/rollup-android-arm64" "4.9.1"
    "@rollup/rollup-darwin-arm64" "4.9.1"
    "@rollup/rollup-darwin-x64" "4.9.1"
    "@rollup/rollup-linux-arm-gnueabihf" "4.9.1"
    "@rollup/rollup-linux-arm64-gnu" "4.9.1"
    "@rollup/rollup-linux-arm64-musl" "4.9.1"
    "@rollup/rollup-linux-riscv64-gnu" "4.9.1"
    "@rollup/rollup-linux-x64-gnu" "4.9.1"
    "@rollup/rollup-linux-x64-musl" "4.9.1"
    "@rollup/rollup-win32-arm64-msvc" "4.9.1"
    "@rollup/rollup-win32-ia32-msvc" "4.9.1"
    "@rollup/rollup-win32-x64-msvc" "4.9.1"
    fsevents "~2.3.2"

sade@^1.8.1:
  version "1.8.1"
  resolved "https://registry.yarnpkg.com/sade/-/sade-1.8.1.tgz#0a78e81d658d394887be57d2a409bf703a3b2701"
  integrity sha512-xal3CZX1Xlo/k4ApwCFrHVACi9fBqJ7V+mwhBsuf/1IOKbBy098Fex+Wa/5QMubw09pSZ/u8EY8PWgevJsXp1A==
  dependencies:
    mri "^1.1.0"

scheduler@^0.23.0:
  version "0.23.0"
  resolved "https://registry.yarnpkg.com/scheduler/-/scheduler-0.23.0.tgz#ba8041afc3d30eb206a487b6b384002e4e61fdfe"
  integrity sha512-CtuThmgHNg7zIZWAXi3AsyIzA3n4xx7aNyjwC2VJldO2LMVDhFK+63xGqq6CsJH4rTAt6/M+N4GhZiDYPx9eUw==
  dependencies:
    loose-envify "^1.1.0"

supports-color@^5.3.0:
  version "5.5.0"
  resolved "https://registry.yarnpkg.com/supports-color/-/supports-color-5.5.0.tgz#e2e69a44ac8772f78a1ec0b35b689df6530efc8f"
  integrity sha512-QjVjwdXIt408MIiAqCX4oUKsgU2EqAGzs2Ppkm4aQYbjm+ZEWEcW4SfFNTr4uMNZma0ey4f5lgLrkB0aX0QMow==
  dependencies:
    has-flag "^3.0.0"

supports-preserve-symlinks-flag@^1.0.0:
  version "1.0.0"
  resolved "https://registry.yarnpkg.com/supports-preserve-symlinks-flag/-/supports-preserve-symlinks-flag-1.0.0.tgz#6eda4bd344a3c94aea376d4cc31bc77311039e09"
  integrity sha512-ot0WnXS9fgdkgIcePe6RHNk1WA8+muPa6cSjeR3V8K27q9BB1rTE3R1p7Hv0z1ZyAc8s6Vvv8DIyWf681MAt0w==

tslib@^2.4.0, tslib@^2.6.2:
  version "2.6.2"
  resolved "https://registry.yarnpkg.com/tslib/-/tslib-2.6.2.tgz#703ac29425e7b37cd6fd456e92404d46d1f3e4ae"
  integrity sha512-AEYxH93jGFPn/a2iVAwW87VuUIkR1FVUKB77NwMF7nBTDkDrrT/Hpt/IrCJ0QXhW27jTBDcf5ZY7w6RiqTMw2Q==

wrappy@1:
  version "1.0.2"
  resolved "https://registry.yarnpkg.com/wrappy/-/wrappy-1.0.2.tgz#b5243d8f3ec1aa35f1364605bc0d1036e30ab69f"
  integrity sha512-l4Sp/DRseor9wL6EvV2+TuQn63dMkPjZ/sp9XkghTEbV9KlPS1xUsZ3u7/IQO4wxtcFB4bgpQPRcR3QCvezPcQ==
